
Microsoft Visual Studio Solution File, Format Version 12.00
# Visual Studio Version 17
VisualStudioVersion = 17.14.36705.20
MinimumVisualStudioVersion = 10.0.40219.1
Project("{FAE04EC0-301F-11D3-BF4B-00C04F79EFBC}") = "LibraryAPI", "LibraryAPI\LibraryAPI.csproj", "{C8FDEE3E-4237-432A-BBD8-B957993B5B2E}"
EndProject
Project("{FAE04EC0-301F-11D3-BF4B-00C04F79EFBC}") = "ConsoleApp5.4Remastered", "..\ConsoleApp5.4Remastered\ConsoleApp5.4Remastered.csproj", "{AB832FF7-DA73-EC73-6CF2-96D5CF058A31}"
EndProject
Project("{FAE04EC0-301F-11D3-BF4B-00C04F79EFBC}") = "Client", "Client\Client.csproj", "{09229CAF-390C-48BB-B9CC-04050D9283D7}"
EndProject
Global
	GlobalSection(SolutionConfigurationPlatforms) = preSolution
		Debug|Any CPU = Debug|Any CPU
		Release|Any CPU = Release|Any CPU
	EndGlobalSection
	GlobalSection(ProjectConfigurationPlatforms) = postSolution
		{C8FDEE3E-4237-432A-BBD8-B957993B5B2E}.Debug|Any CPU.ActiveCfg = Debug|Any CPU
		{C8FDEE3E-4237-432A-BBD8-B957993B5B2E}.Debug|Any CPU.Build.0 = Debug|Any CPU
		{C8FDEE3E-4237-432A-BBD8-B957993B5B2E}.Release|Any CPU.ActiveCfg = Release|Any CPU
		{C8FDEE3E-4237-432A-BBD8-B957993B5B2E}.Release|Any CPU.Build.0 = Release|Any CPU
		{AB832FF7-DA73-EC73-6CF2-96D5CF058A31}.Debug|Any CPU.ActiveCfg = Debug|Any CPU
		{AB832FF7-DA73-EC73-6CF2-96D5CF058A31}.Debug|Any CPU.Build.0 = Debug|Any CPU
		{AB832FF7-DA73-EC73-6CF2-96D5CF058A31}.Release|Any CPU.ActiveCfg = Release|Any CPU
		{AB832FF7-DA73-EC73-6CF2-96D5CF058A31}.Release|Any CPU.Build.0 = Release|Any CPU
		{09229CAF-390C-48BB-B9CC-04050D9283D7}.Debug|Any CPU.ActiveCfg = Debug|Any CPU
		{09229CAF-390C-48BB-B9CC-04050D9283D7}.Debug|Any CPU.Build.0 = Debug|Any CPU
		{09229CAF-390C-48BB-B9CC-04050D9283D7}.Release|Any CPU.ActiveCfg = Release|Any CPU
		{09229CAF-390C-48BB-B9CC-04050D9283D7}.Release|Any CPU.Build.0 = Release|Any CPU
	EndGlobalSection
	GlobalSection(SolutionProperties) = preSolution
		HideSolutionNode = FALSE
	EndGlobalSection
	GlobalSection(ExtensibilityGlobals) = postSolution
		SolutionGuid = {1377E159-1657-49E6-A834-CF2DCBD28000}
	EndGlobalSection
EndGlobal
