
Microsoft Visual Studio Solution File, Format Version 12.00
# Visual Studio Version 17
VisualStudioVersion = 17.0.31903.59
MinimumVisualStudioVersion = 10.0.40219.1
Project("{FAE04EC0-301F-11D3-BF4B-00C04F79EFBC}") = "Encapsulation", "oop\Encapsulation\Encapsulation.csproj", "{D993F7A7-B1AB-0AC9-BB60-0998073F2EC5}"
EndProject
Project("{FAE04EC0-301F-11D3-BF4B-00C04F79EFBC}") = "Abstraction", "oop\Abstraction\Abstraction.csproj", "{C5EE9B15-A1AF-DFF2-3D36-8B55303341F0}"
EndProject
Project("{FAE04EC0-301F-11D3-BF4B-00C04F79EFBC}") = "GenericsDemo", "GenericsDemo\GenericsDemo.csproj", "{C3D8F75B-B8D9-4E57-B70A-7DCB68A9FAF2}"
EndProject
Project("{FAE04EC0-301F-11D3-BF4B-00C04F79EFBC}") = "ExceptionsDemo", "ExceptionsDemo\ExceptionsDemo.csproj", "{AC9EEF4C-8B04-44FF-BA6D-349DA6851E5E}"
EndProject
Project("{FAE04EC0-301F-11D3-BF4B-00C04F79EFBC}") = "StringBuilderDemo", "StringBuilderDemo\StringBuilderDemo.csproj", "{BF8E3E74-720D-D85D-D130-C0AA877A959D}"
EndProject
Project("{FAE04EC0-301F-11D3-BF4B-00C04F79EFBC}") = "CollectionsDemo", "CollectionsDemo\CollectionsDemo.csproj", "{C880B09B-B6E0-42EE-8AA8-8160760628B4}"
EndProject
Project("{FAE04EC0-301F-11D3-BF4B-00C04F79EFBC}") = "Inheritance", "oop\Inheritance\Inheritance.csproj", "{1A917E5E-D7F9-4536-92FE-867E9B9DD69C}"
EndProject
Project("{FAE04EC0-301F-11D3-BF4B-00C04F79EFBC}") = "Polymorphism", "oop\Polymorphism\Polymorphism.csproj", "{C6CB786F-C703-4E25-97C3-B2B1FD236299}"
EndProject
Project("{FAE04EC0-301F-11D3-BF4B-00C04F79EFBC}") = "CovarianceDemo", "CovarianceDemo\CovarianceDemo.csproj", "{49F8FD86-4A83-490A-9386-DBB1201151F2}"
EndProject
Project("{FAE04EC0-301F-11D3-BF4B-00C04F79EFBC}") = "ContravarianceDemo", "ContravarianceDemo\ContravarianceDemo.csproj", "{8E09D0C8-7DD5-46DE-8FCC-AA65DDEABB57}"
EndProject
Project("{FAE04EC0-301F-11D3-BF4B-00C04F79EFBC}") = "Delegates&AnonymousDemo", "Delegates&AnonymousDemo\Delegates&AnonymousDemo.csproj", "{4D671E28-20A5-4C54-A832-AC946DB8ABAE}"
EndProject
Project("{FAE04EC0-301F-11D3-BF4B-00C04F79EFBC}") = "EventDemo", "EventDemo\EventDemo.csproj", "{D0B94DDF-D96A-4560-8ECF-190A95707831}"
EndProject
Project("{FAE04EC0-301F-11D3-BF4B-00C04F79EFBC}") = "LINQDemo", "LINQDemo\LINQDemo.csproj", "{25665307-C72C-4439-93FA-7B9CA8F76792}"
EndProject
Project("{FAE04EC0-301F-11D3-BF4B-00C04F79EFBC}") = "Partial&Extension", "Partial&Extension\Partial&Extension.csproj", "{FB695751-B043-484E-9DCB-36756BE032BA}"
EndProject
Project("{2150E333-8FDC-42A3-9474-1A3956D46DE8}") = "Cova&Contra", "Cova&Contra", "{02EA681E-C7D8-13C7-8484-4AC65E1B71E8}"
EndProject
Project("{FAE04EC0-301F-11D3-BF4B-00C04F79EFBC}") = "CovaAnimalShelter", "CovaAnimalShelter\CovaAnimalShelter.csproj", "{5F6FE380-9D88-4A76-985B-D7C548FABDBB}"
EndProject
Project("{FAE04EC0-301F-11D3-BF4B-00C04F79EFBC}") = "ContraAnimalShelter", "ContraAnimalShelter\ContraAnimalShelter.csproj", "{B21F860C-3DE0-4815-ADB6-9CAD445BDBE8}"
EndProject
Project("{FAE04EC0-301F-11D3-BF4B-00C04F79EFBC}") = "AsynchronousDemo", "AsynchronousDemo\AsynchronousDemo.csproj", "{FC55C141-F6D8-4F6F-BCDC-47AA0C0280BC}"
EndProject
Project("{FAE04EC0-301F-11D3-BF4B-00C04F79EFBC}") = "StreamDemo", "StreamDemo\StreamDemo.csproj", "{1033F4F3-FF74-4121-8C23-58236FC98838}"
EndProject
Global
	GlobalSection(SolutionConfigurationPlatforms) = preSolution
		Debug|Any CPU = Debug|Any CPU
		Release|Any CPU = Release|Any CPU
	EndGlobalSection
	GlobalSection(ProjectConfigurationPlatforms) = postSolution
		{D993F7A7-B1AB-0AC9-BB60-0998073F2EC5}.Debug|Any CPU.ActiveCfg = Debug|Any CPU
		{D993F7A7-B1AB-0AC9-BB60-0998073F2EC5}.Debug|Any CPU.Build.0 = Debug|Any CPU
		{D993F7A7-B1AB-0AC9-BB60-0998073F2EC5}.Release|Any CPU.ActiveCfg = Release|Any CPU
		{D993F7A7-B1AB-0AC9-BB60-0998073F2EC5}.Release|Any CPU.Build.0 = Release|Any CPU
		{C5EE9B15-A1AF-DFF2-3D36-8B55303341F0}.Debug|Any CPU.ActiveCfg = Debug|Any CPU
		{C5EE9B15-A1AF-DFF2-3D36-8B55303341F0}.Debug|Any CPU.Build.0 = Debug|Any CPU
		{C5EE9B15-A1AF-DFF2-3D36-8B55303341F0}.Release|Any CPU.ActiveCfg = Release|Any CPU
		{C5EE9B15-A1AF-DFF2-3D36-8B55303341F0}.Release|Any CPU.Build.0 = Release|Any CPU
		{C3D8F75B-B8D9-4E57-B70A-7DCB68A9FAF2}.Debug|Any CPU.ActiveCfg = Debug|Any CPU
		{C3D8F75B-B8D9-4E57-B70A-7DCB68A9FAF2}.Debug|Any CPU.Build.0 = Debug|Any CPU
		{C3D8F75B-B8D9-4E57-B70A-7DCB68A9FAF2}.Release|Any CPU.ActiveCfg = Release|Any CPU
		{C3D8F75B-B8D9-4E57-B70A-7DCB68A9FAF2}.Release|Any CPU.Build.0 = Release|Any CPU
		{AC9EEF4C-8B04-44FF-BA6D-349DA6851E5E}.Debug|Any CPU.ActiveCfg = Debug|Any CPU
		{AC9EEF4C-8B04-44FF-BA6D-349DA6851E5E}.Debug|Any CPU.Build.0 = Debug|Any CPU
		{AC9EEF4C-8B04-44FF-BA6D-349DA6851E5E}.Release|Any CPU.ActiveCfg = Release|Any CPU
		{AC9EEF4C-8B04-44FF-BA6D-349DA6851E5E}.Release|Any CPU.Build.0 = Release|Any CPU
		{BF8E3E74-720D-D85D-D130-C0AA877A959D}.Debug|Any CPU.ActiveCfg = Debug|Any CPU
		{BF8E3E74-720D-D85D-D130-C0AA877A959D}.Debug|Any CPU.Build.0 = Debug|Any CPU
		{BF8E3E74-720D-D85D-D130-C0AA877A959D}.Release|Any CPU.ActiveCfg = Release|Any CPU
		{BF8E3E74-720D-D85D-D130-C0AA877A959D}.Release|Any CPU.Build.0 = Release|Any CPU
		{C880B09B-B6E0-42EE-8AA8-8160760628B4}.Debug|Any CPU.ActiveCfg = Debug|Any CPU
		{C880B09B-B6E0-42EE-8AA8-8160760628B4}.Debug|Any CPU.Build.0 = Debug|Any CPU
		{C880B09B-B6E0-42EE-8AA8-8160760628B4}.Release|Any CPU.ActiveCfg = Release|Any CPU
		{C880B09B-B6E0-42EE-8AA8-8160760628B4}.Release|Any CPU.Build.0 = Release|Any CPU
		{1A917E5E-D7F9-4536-92FE-867E9B9DD69C}.Debug|Any CPU.ActiveCfg = Debug|Any CPU
		{1A917E5E-D7F9-4536-92FE-867E9B9DD69C}.Debug|Any CPU.Build.0 = Debug|Any CPU
		{1A917E5E-D7F9-4536-92FE-867E9B9DD69C}.Release|Any CPU.ActiveCfg = Release|Any CPU
		{1A917E5E-D7F9-4536-92FE-867E9B9DD69C}.Release|Any CPU.Build.0 = Release|Any CPU
		{C6CB786F-C703-4E25-97C3-B2B1FD236299}.Debug|Any CPU.ActiveCfg = Debug|Any CPU
		{C6CB786F-C703-4E25-97C3-B2B1FD236299}.Debug|Any CPU.Build.0 = Debug|Any CPU
		{C6CB786F-C703-4E25-97C3-B2B1FD236299}.Release|Any CPU.ActiveCfg = Release|Any CPU
		{C6CB786F-C703-4E25-97C3-B2B1FD236299}.Release|Any CPU.Build.0 = Release|Any CPU
		{49F8FD86-4A83-490A-9386-DBB1201151F2}.Debug|Any CPU.ActiveCfg = Debug|Any CPU
		{49F8FD86-4A83-490A-9386-DBB1201151F2}.Debug|Any CPU.Build.0 = Debug|Any CPU
		{49F8FD86-4A83-490A-9386-DBB1201151F2}.Release|Any CPU.ActiveCfg = Release|Any CPU
		{49F8FD86-4A83-490A-9386-DBB1201151F2}.Release|Any CPU.Build.0 = Release|Any CPU
		{8E09D0C8-7DD5-46DE-8FCC-AA65DDEABB57}.Debug|Any CPU.ActiveCfg = Debug|Any CPU
		{8E09D0C8-7DD5-46DE-8FCC-AA65DDEABB57}.Debug|Any CPU.Build.0 = Debug|Any CPU
		{8E09D0C8-7DD5-46DE-8FCC-AA65DDEABB57}.Release|Any CPU.ActiveCfg = Release|Any CPU
		{8E09D0C8-7DD5-46DE-8FCC-AA65DDEABB57}.Release|Any CPU.Build.0 = Release|Any CPU
		{4D671E28-20A5-4C54-A832-AC946DB8ABAE}.Debug|Any CPU.ActiveCfg = Debug|Any CPU
		{4D671E28-20A5-4C54-A832-AC946DB8ABAE}.Debug|Any CPU.Build.0 = Debug|Any CPU
		{4D671E28-20A5-4C54-A832-AC946DB8ABAE}.Release|Any CPU.ActiveCfg = Release|Any CPU
		{4D671E28-20A5-4C54-A832-AC946DB8ABAE}.Release|Any CPU.Build.0 = Release|Any CPU
		{D0B94DDF-D96A-4560-8ECF-190A95707831}.Debug|Any CPU.ActiveCfg = Debug|Any CPU
		{D0B94DDF-D96A-4560-8ECF-190A95707831}.Debug|Any CPU.Build.0 = Debug|Any CPU
		{D0B94DDF-D96A-4560-8ECF-190A95707831}.Release|Any CPU.ActiveCfg = Release|Any CPU
		{D0B94DDF-D96A-4560-8ECF-190A95707831}.Release|Any CPU.Build.0 = Release|Any CPU
		{25665307-C72C-4439-93FA-7B9CA8F76792}.Debug|Any CPU.ActiveCfg = Debug|Any CPU
		{25665307-C72C-4439-93FA-7B9CA8F76792}.Debug|Any CPU.Build.0 = Debug|Any CPU
		{25665307-C72C-4439-93FA-7B9CA8F76792}.Release|Any CPU.ActiveCfg = Release|Any CPU
		{25665307-C72C-4439-93FA-7B9CA8F76792}.Release|Any CPU.Build.0 = Release|Any CPU
		{FB695751-B043-484E-9DCB-36756BE032BA}.Debug|Any CPU.ActiveCfg = Debug|Any CPU
		{FB695751-B043-484E-9DCB-36756BE032BA}.Debug|Any CPU.Build.0 = Debug|Any CPU
		{FB695751-B043-484E-9DCB-36756BE032BA}.Release|Any CPU.ActiveCfg = Release|Any CPU
		{FB695751-B043-484E-9DCB-36756BE032BA}.Release|Any CPU.Build.0 = Release|Any CPU
		{5F6FE380-9D88-4A76-985B-D7C548FABDBB}.Debug|Any CPU.ActiveCfg = Debug|Any CPU
		{5F6FE380-9D88-4A76-985B-D7C548FABDBB}.Debug|Any CPU.Build.0 = Debug|Any CPU
		{5F6FE380-9D88-4A76-985B-D7C548FABDBB}.Release|Any CPU.ActiveCfg = Release|Any CPU
		{5F6FE380-9D88-4A76-985B-D7C548FABDBB}.Release|Any CPU.Build.0 = Release|Any CPU
		{B21F860C-3DE0-4815-ADB6-9CAD445BDBE8}.Debug|Any CPU.ActiveCfg = Debug|Any CPU
		{B21F860C-3DE0-4815-ADB6-9CAD445BDBE8}.Debug|Any CPU.Build.0 = Debug|Any CPU
		{B21F860C-3DE0-4815-ADB6-9CAD445BDBE8}.Release|Any CPU.ActiveCfg = Release|Any CPU
		{B21F860C-3DE0-4815-ADB6-9CAD445BDBE8}.Release|Any CPU.Build.0 = Release|Any CPU
		{FC55C141-F6D8-4F6F-BCDC-47AA0C0280BC}.Debug|Any CPU.ActiveCfg = Debug|Any CPU
		{FC55C141-F6D8-4F6F-BCDC-47AA0C0280BC}.Debug|Any CPU.Build.0 = Debug|Any CPU
		{FC55C141-F6D8-4F6F-BCDC-47AA0C0280BC}.Release|Any CPU.ActiveCfg = Release|Any CPU
		{FC55C141-F6D8-4F6F-BCDC-47AA0C0280BC}.Release|Any CPU.Build.0 = Release|Any CPU
		{1033F4F3-FF74-4121-8C23-58236FC98838}.Debug|Any CPU.ActiveCfg = Debug|Any CPU
		{1033F4F3-FF74-4121-8C23-58236FC98838}.Debug|Any CPU.Build.0 = Debug|Any CPU
		{1033F4F3-FF74-4121-8C23-58236FC98838}.Release|Any CPU.ActiveCfg = Release|Any CPU
		{1033F4F3-FF74-4121-8C23-58236FC98838}.Release|Any CPU.Build.0 = Release|Any CPU
	EndGlobalSection
	GlobalSection(SolutionProperties) = preSolution
		HideSolutionNode = FALSE
	EndGlobalSection
	GlobalSection(NestedProjects) = preSolution
		{49F8FD86-4A83-490A-9386-DBB1201151F2} = {02EA681E-C7D8-13C7-8484-4AC65E1B71E8}
		{8E09D0C8-7DD5-46DE-8FCC-AA65DDEABB57} = {02EA681E-C7D8-13C7-8484-4AC65E1B71E8}
		{5F6FE380-9D88-4A76-985B-D7C548FABDBB} = {02EA681E-C7D8-13C7-8484-4AC65E1B71E8}
		{B21F860C-3DE0-4815-ADB6-9CAD445BDBE8} = {02EA681E-C7D8-13C7-8484-4AC65E1B71E8}
	EndGlobalSection
	GlobalSection(ExtensibilityGlobals) = postSolution
		SolutionGuid = {983C34E3-45C3-44F0-A936-453A2CC14B21}
	EndGlobalSection
EndGlobal
